
Microsoft Visual Studio Solution File, Format Version 12.00
# Visual Studio 15
VisualStudioVersion = 15.0.27703.2042
MinimumVisualStudioVersion = 10.0.40219.1
Project("{9A19103F-16F7-4668-BE54-9A1E7A4F7556}") = "TOTPLite", "TOTP\TOTPLite.csproj", "{00E41489-7498-47E0-8E62-F0AF3C42B415}"
EndProject
Project("{FAE04EC0-301F-11D3-BF4B-00C04F79EFBC}") = "TOTPLite.WebDemo", "WebDemo\TOTPLite.WebDemo.csproj", "{07328D50-8AB6-4A5F-9E2B-A7FDBC7D04E1}"
EndProject
Project("{FAE04EC0-301F-11D3-BF4B-00C04F79EFBC}") = "TOTPLite.WinDemo", "WinDemo\TOTPLite.WinDemo.csproj", "{8BB04F4E-E70B-4B22-9822-7A128EED10DB}"
EndProject
Global
	GlobalSection(SolutionConfigurationPlatforms) = preSolution
		Debug|Any CPU = Debug|Any CPU
		Release|Any CPU = Release|Any CPU
	EndGlobalSection
	GlobalSection(ProjectConfigurationPlatforms) = postSolution
		{00E41489-7498-47E0-8E62-F0AF3C42B415}.Debug|Any CPU.ActiveCfg = Debug|Any CPU
		{00E41489-7498-47E0-8E62-F0AF3C42B415}.Debug|Any CPU.Build.0 = Debug|Any CPU
		{00E41489-7498-47E0-8E62-F0AF3C42B415}.Release|Any CPU.ActiveCfg = Release|Any CPU
		{00E41489-7498-47E0-8E62-F0AF3C42B415}.Release|Any CPU.Build.0 = Release|Any CPU
		{07328D50-8AB6-4A5F-9E2B-A7FDBC7D04E1}.Debug|Any CPU.ActiveCfg = Debug|Any CPU
		{07328D50-8AB6-4A5F-9E2B-A7FDBC7D04E1}.Debug|Any CPU.Build.0 = Debug|Any CPU
		{07328D50-8AB6-4A5F-9E2B-A7FDBC7D04E1}.Release|Any CPU.ActiveCfg = Release|Any CPU
		{07328D50-8AB6-4A5F-9E2B-A7FDBC7D04E1}.Release|Any CPU.Build.0 = Release|Any CPU
		{8BB04F4E-E70B-4B22-9822-7A128EED10DB}.Debug|Any CPU.ActiveCfg = Debug|Any CPU
		{8BB04F4E-E70B-4B22-9822-7A128EED10DB}.Debug|Any CPU.Build.0 = Debug|Any CPU
		{8BB04F4E-E70B-4B22-9822-7A128EED10DB}.Release|Any CPU.ActiveCfg = Release|Any CPU
		{8BB04F4E-E70B-4B22-9822-7A128EED10DB}.Release|Any CPU.Build.0 = Release|Any CPU
	EndGlobalSection
	GlobalSection(SolutionProperties) = preSolution
		HideSolutionNode = FALSE
	EndGlobalSection
	GlobalSection(ExtensibilityGlobals) = postSolution
		SolutionGuid = {C66B889F-E379-4FF7-9048-DC8C349E7DEA}
	EndGlobalSection
EndGlobal
